
Microsoft Visual Studio Solution File, Format Version 12.00
# Visual Studio 15
VisualStudioVersion = 15.0.28307.1259
MinimumVisualStudioVersion = 10.0.40219.1
Project("{FAE04EC0-301F-11D3-BF4B-00C04F79EFBC}") = "UsoDeClassesEstaticas", "UsoDeClassesEstaticas\UsoDeClassesEstaticas.csproj", "{1B774112-BFBC-4CF1-A240-854C07E26DDF}"
EndProject
Global
	GlobalSection(SolutionConfigurationPlatforms) = preSolution
		Debug|Any CPU = Debug|Any CPU
		Release|Any CPU = Release|Any CPU
	EndGlobalSection
	GlobalSection(ProjectConfigurationPlatforms) = postSolution
		{1B774112-BFBC-4CF1-A240-854C07E26DDF}.Debug|Any CPU.ActiveCfg = Debug|Any CPU
		{1B774112-BFBC-4CF1-A240-854C07E26DDF}.Debug|Any CPU.Build.0 = Debug|Any CPU
		{1B774112-BFBC-4CF1-A240-854C07E26DDF}.Release|Any CPU.ActiveCfg = Release|Any CPU
		{1B774112-BFBC-4CF1-A240-854C07E26DDF}.Release|Any CPU.Build.0 = Release|Any CPU
	EndGlobalSection
	GlobalSection(SolutionProperties) = preSolution
		HideSolutionNode = FALSE
	EndGlobalSection
	GlobalSection(ExtensibilityGlobals) = postSolution
		SolutionGuid = {5D90DF61-6DA6-45C8-8737-A369E30C6FC4}
	EndGlobalSection
EndGlobal
