
Microsoft Visual Studio Solution File, Format Version 12.00
# Visual Studio 15
VisualStudioVersion = 15.0.28307.1267
MinimumVisualStudioVersion = 10.0.40219.1
Project("{FAE04EC0-301F-11D3-BF4B-00C04F79EFBC}") = "ConsultaAPI", "ConsultaAPI\ConsultaAPI.csproj", "{F3DE8E0A-1A32-410B-BBC6-4F1034BA9A9E}"
EndProject
Global
	GlobalSection(SolutionConfigurationPlatforms) = preSolution
		Debug|Any CPU = Debug|Any CPU
		Release|Any CPU = Release|Any CPU
	EndGlobalSection
	GlobalSection(ProjectConfigurationPlatforms) = postSolution
		{F3DE8E0A-1A32-410B-BBC6-4F1034BA9A9E}.Debug|Any CPU.ActiveCfg = Debug|Any CPU
		{F3DE8E0A-1A32-410B-BBC6-4F1034BA9A9E}.Debug|Any CPU.Build.0 = Debug|Any CPU
		{F3DE8E0A-1A32-410B-BBC6-4F1034BA9A9E}.Release|Any CPU.ActiveCfg = Release|Any CPU
		{F3DE8E0A-1A32-410B-BBC6-4F1034BA9A9E}.Release|Any CPU.Build.0 = Release|Any CPU
	EndGlobalSection
	GlobalSection(SolutionProperties) = preSolution
		HideSolutionNode = FALSE
	EndGlobalSection
	GlobalSection(ExtensibilityGlobals) = postSolution
		SolutionGuid = {6E917D91-63AD-4C5A-9A2E-921739F20103}
	EndGlobalSection
EndGlobal
