
Microsoft Visual Studio Solution File, Format Version 12.00
# Visual Studio 15
VisualStudioVersion = 15.0.28307.1267
MinimumVisualStudioVersion = 10.0.40219.1
Project("{FAE04EC0-301F-11D3-BF4B-00C04F79EFBC}") = "WritingACsvFile", "WritingACsvFile\WritingACsvFile.csproj", "{8C4AC279-5910-4E0B-A0B3-32F88430FCDD}"
EndProject
Project("{FAE04EC0-301F-11D3-BF4B-00C04F79EFBC}") = "ReadingFromACsvFileAndSearchingARecord", "..\ReadingFromACsvFileAndSearchingARecord\ReadingFromACsvFileAndSearchingARecord.csproj", "{70430CF2-16E8-4930-B311-0281C0B69EA1}"
EndProject
Project("{FAE04EC0-301F-11D3-BF4B-00C04F79EFBC}") = "Editing", "..\Editing\Editing.csproj", "{AFF2655C-4681-4BD3-9AB1-AE96540126C0}"
EndProject
Global
	GlobalSection(SolutionConfigurationPlatforms) = preSolution
		Debug|Any CPU = Debug|Any CPU
		Release|Any CPU = Release|Any CPU
	EndGlobalSection
	GlobalSection(ProjectConfigurationPlatforms) = postSolution
		{8C4AC279-5910-4E0B-A0B3-32F88430FCDD}.Debug|Any CPU.ActiveCfg = Debug|Any CPU
		{8C4AC279-5910-4E0B-A0B3-32F88430FCDD}.Debug|Any CPU.Build.0 = Debug|Any CPU
		{8C4AC279-5910-4E0B-A0B3-32F88430FCDD}.Release|Any CPU.ActiveCfg = Release|Any CPU
		{8C4AC279-5910-4E0B-A0B3-32F88430FCDD}.Release|Any CPU.Build.0 = Release|Any CPU
		{70430CF2-16E8-4930-B311-0281C0B69EA1}.Debug|Any CPU.ActiveCfg = Debug|Any CPU
		{70430CF2-16E8-4930-B311-0281C0B69EA1}.Debug|Any CPU.Build.0 = Debug|Any CPU
		{70430CF2-16E8-4930-B311-0281C0B69EA1}.Release|Any CPU.ActiveCfg = Release|Any CPU
		{70430CF2-16E8-4930-B311-0281C0B69EA1}.Release|Any CPU.Build.0 = Release|Any CPU
		{AFF2655C-4681-4BD3-9AB1-AE96540126C0}.Debug|Any CPU.ActiveCfg = Debug|Any CPU
		{AFF2655C-4681-4BD3-9AB1-AE96540126C0}.Debug|Any CPU.Build.0 = Debug|Any CPU
		{AFF2655C-4681-4BD3-9AB1-AE96540126C0}.Release|Any CPU.ActiveCfg = Release|Any CPU
		{AFF2655C-4681-4BD3-9AB1-AE96540126C0}.Release|Any CPU.Build.0 = Release|Any CPU
	EndGlobalSection
	GlobalSection(SolutionProperties) = preSolution
		HideSolutionNode = FALSE
	EndGlobalSection
	GlobalSection(ExtensibilityGlobals) = postSolution
		SolutionGuid = {CDE4CEC9-39DE-428B-884F-55D2F6478CF9}
	EndGlobalSection
EndGlobal
