
Microsoft Visual Studio Solution File, Format Version 12.00
# Visual Studio 15
VisualStudioVersion = 15.0.28307.1267
MinimumVisualStudioVersion = 10.0.40219.1
Project("{FAE04EC0-301F-11D3-BF4B-00C04F79EFBC}") = "Exemplo1", "Exemplo1\Exemplo1.csproj", "{AB51EE3F-83DE-43E1-93C5-9D586E179DB8}"
EndProject
Global
	GlobalSection(SolutionConfigurationPlatforms) = preSolution
		Debug|Any CPU = Debug|Any CPU
		Release|Any CPU = Release|Any CPU
	EndGlobalSection
	GlobalSection(ProjectConfigurationPlatforms) = postSolution
		{AB51EE3F-83DE-43E1-93C5-9D586E179DB8}.Debug|Any CPU.ActiveCfg = Debug|Any CPU
		{AB51EE3F-83DE-43E1-93C5-9D586E179DB8}.Debug|Any CPU.Build.0 = Debug|Any CPU
		{AB51EE3F-83DE-43E1-93C5-9D586E179DB8}.Release|Any CPU.ActiveCfg = Release|Any CPU
		{AB51EE3F-83DE-43E1-93C5-9D586E179DB8}.Release|Any CPU.Build.0 = Release|Any CPU
	EndGlobalSection
	GlobalSection(SolutionProperties) = preSolution
		HideSolutionNode = FALSE
	EndGlobalSection
	GlobalSection(ExtensibilityGlobals) = postSolution
		SolutionGuid = {95FE2CB1-F28B-461B-95EE-606182078B73}
	EndGlobalSection
EndGlobal
