
Microsoft Visual Studio Solution File, Format Version 12.00
# Visual Studio 15
VisualStudioVersion = 15.0.28307.1267
MinimumVisualStudioVersion = 10.0.40219.1
Project("{FAE04EC0-301F-11D3-BF4B-00C04F79EFBC}") = "WindowsFormsApplication", "WindowsFormsApplication\WindowsFormsApplication.csproj", "{45FADD24-21DB-43A4-9A07-74C0CB480E98}"
EndProject
Global
	GlobalSection(SolutionConfigurationPlatforms) = preSolution
		Debug|Any CPU = Debug|Any CPU
		Release|Any CPU = Release|Any CPU
	EndGlobalSection
	GlobalSection(ProjectConfigurationPlatforms) = postSolution
		{45FADD24-21DB-43A4-9A07-74C0CB480E98}.Debug|Any CPU.ActiveCfg = Debug|Any CPU
		{45FADD24-21DB-43A4-9A07-74C0CB480E98}.Debug|Any CPU.Build.0 = Debug|Any CPU
		{45FADD24-21DB-43A4-9A07-74C0CB480E98}.Release|Any CPU.ActiveCfg = Release|Any CPU
		{45FADD24-21DB-43A4-9A07-74C0CB480E98}.Release|Any CPU.Build.0 = Release|Any CPU
	EndGlobalSection
	GlobalSection(SolutionProperties) = preSolution
		HideSolutionNode = FALSE
	EndGlobalSection
	GlobalSection(ExtensibilityGlobals) = postSolution
		SolutionGuid = {E46DCEFB-5F2B-440D-BA4E-CAAE7BE85F98}
	EndGlobalSection
EndGlobal
