
Microsoft Visual Studio Solution File, Format Version 12.00
# Visual Studio 15
VisualStudioVersion = 15.0.28307.1267
MinimumVisualStudioVersion = 10.0.40219.1
Project("{FAE04EC0-301F-11D3-BF4B-00C04F79EFBC}") = "Exemplo.Math", "Exemplo.Math\Exemplo.Math.csproj", "{D5DF8BFD-56A9-4190-9F09-9FFD86D3EDC1}"
EndProject
Project("{FAE04EC0-301F-11D3-BF4B-00C04F79EFBC}") = "TesteDeDll", "TesteDeDll\TesteDeDll.csproj", "{2CBFB0D9-1C8C-4351-B4FC-43C36E7A384D}"
EndProject
Global
	GlobalSection(SolutionConfigurationPlatforms) = preSolution
		Debug|Any CPU = Debug|Any CPU
		Release|Any CPU = Release|Any CPU
	EndGlobalSection
	GlobalSection(ProjectConfigurationPlatforms) = postSolution
		{D5DF8BFD-56A9-4190-9F09-9FFD86D3EDC1}.Debug|Any CPU.ActiveCfg = Debug|Any CPU
		{D5DF8BFD-56A9-4190-9F09-9FFD86D3EDC1}.Debug|Any CPU.Build.0 = Debug|Any CPU
		{D5DF8BFD-56A9-4190-9F09-9FFD86D3EDC1}.Release|Any CPU.ActiveCfg = Release|Any CPU
		{D5DF8BFD-56A9-4190-9F09-9FFD86D3EDC1}.Release|Any CPU.Build.0 = Release|Any CPU
		{2CBFB0D9-1C8C-4351-B4FC-43C36E7A384D}.Debug|Any CPU.ActiveCfg = Debug|Any CPU
		{2CBFB0D9-1C8C-4351-B4FC-43C36E7A384D}.Debug|Any CPU.Build.0 = Debug|Any CPU
		{2CBFB0D9-1C8C-4351-B4FC-43C36E7A384D}.Release|Any CPU.ActiveCfg = Release|Any CPU
		{2CBFB0D9-1C8C-4351-B4FC-43C36E7A384D}.Release|Any CPU.Build.0 = Release|Any CPU
	EndGlobalSection
	GlobalSection(SolutionProperties) = preSolution
		HideSolutionNode = FALSE
	EndGlobalSection
	GlobalSection(ExtensibilityGlobals) = postSolution
		SolutionGuid = {434FEE89-79F3-4CE2-8669-7BF13D1A718E}
	EndGlobalSection
EndGlobal
