
Microsoft Visual Studio Solution File, Format Version 12.00
# Visual Studio 15
VisualStudioVersion = 15.0.28307.1267
MinimumVisualStudioVersion = 10.0.40219.1
Project("{FAE04EC0-301F-11D3-BF4B-00C04F79EFBC}") = "projeto1", "projeto1\projeto1.csproj", "{84D45526-DB21-48DD-A8E9-294A6A2342CC}"
EndProject
Global
	GlobalSection(SolutionConfigurationPlatforms) = preSolution
		Debug|Any CPU = Debug|Any CPU
		Release|Any CPU = Release|Any CPU
	EndGlobalSection
	GlobalSection(ProjectConfigurationPlatforms) = postSolution
		{84D45526-DB21-48DD-A8E9-294A6A2342CC}.Debug|Any CPU.ActiveCfg = Debug|Any CPU
		{84D45526-DB21-48DD-A8E9-294A6A2342CC}.Debug|Any CPU.Build.0 = Debug|Any CPU
		{84D45526-DB21-48DD-A8E9-294A6A2342CC}.Release|Any CPU.ActiveCfg = Release|Any CPU
		{84D45526-DB21-48DD-A8E9-294A6A2342CC}.Release|Any CPU.Build.0 = Release|Any CPU
	EndGlobalSection
	GlobalSection(SolutionProperties) = preSolution
		HideSolutionNode = FALSE
	EndGlobalSection
	GlobalSection(ExtensibilityGlobals) = postSolution
		SolutionGuid = {4CB327FD-D5EE-4260-9CF8-AC7D73534659}
	EndGlobalSection
EndGlobal
