
Microsoft Visual Studio Solution File, Format Version 12.00
# Visual Studio 15
VisualStudioVersion = 15.0.28307.1259
MinimumVisualStudioVersion = 10.0.40219.1
Project("{FAE04EC0-301F-11D3-BF4B-00C04F79EFBC}") = "Fila", "Fila\Fila.csproj", "{FD532B6C-003F-4765-B881-DF222E571067}"
EndProject
Global
	GlobalSection(SolutionConfigurationPlatforms) = preSolution
		Debug|Any CPU = Debug|Any CPU
		Release|Any CPU = Release|Any CPU
	EndGlobalSection
	GlobalSection(ProjectConfigurationPlatforms) = postSolution
		{FD532B6C-003F-4765-B881-DF222E571067}.Debug|Any CPU.ActiveCfg = Debug|Any CPU
		{FD532B6C-003F-4765-B881-DF222E571067}.Debug|Any CPU.Build.0 = Debug|Any CPU
		{FD532B6C-003F-4765-B881-DF222E571067}.Release|Any CPU.ActiveCfg = Release|Any CPU
		{FD532B6C-003F-4765-B881-DF222E571067}.Release|Any CPU.Build.0 = Release|Any CPU
	EndGlobalSection
	GlobalSection(SolutionProperties) = preSolution
		HideSolutionNode = FALSE
	EndGlobalSection
	GlobalSection(ExtensibilityGlobals) = postSolution
		SolutionGuid = {E7B1F4E2-00A9-4D21-8664-4E3D7D1F1855}
	EndGlobalSection
EndGlobal
