
Microsoft Visual Studio Solution File, Format Version 12.00
# Visual Studio 15
VisualStudioVersion = 15.0.28307.1259
MinimumVisualStudioVersion = 10.0.40219.1
Project("{FAE04EC0-301F-11D3-BF4B-00C04F79EFBC}") = "ArraysECollections1", "ArraysECollections\ArraysECollections1.csproj", "{00BAED41-B1DE-419E-A845-7B533AB2E292}"
EndProject
Project("{FAE04EC0-301F-11D3-BF4B-00C04F79EFBC}") = "ArraysECollections2", "ArraysECollections2\ArraysECollections2.csproj", "{9895DE23-1323-41CE-93A4-0A0E964E5C26}"
EndProject
Global
	GlobalSection(SolutionConfigurationPlatforms) = preSolution
		Debug|Any CPU = Debug|Any CPU
		Release|Any CPU = Release|Any CPU
	EndGlobalSection
	GlobalSection(ProjectConfigurationPlatforms) = postSolution
		{00BAED41-B1DE-419E-A845-7B533AB2E292}.Debug|Any CPU.ActiveCfg = Debug|Any CPU
		{00BAED41-B1DE-419E-A845-7B533AB2E292}.Debug|Any CPU.Build.0 = Debug|Any CPU
		{00BAED41-B1DE-419E-A845-7B533AB2E292}.Release|Any CPU.ActiveCfg = Release|Any CPU
		{00BAED41-B1DE-419E-A845-7B533AB2E292}.Release|Any CPU.Build.0 = Release|Any CPU
		{9895DE23-1323-41CE-93A4-0A0E964E5C26}.Debug|Any CPU.ActiveCfg = Debug|Any CPU
		{9895DE23-1323-41CE-93A4-0A0E964E5C26}.Debug|Any CPU.Build.0 = Debug|Any CPU
		{9895DE23-1323-41CE-93A4-0A0E964E5C26}.Release|Any CPU.ActiveCfg = Release|Any CPU
		{9895DE23-1323-41CE-93A4-0A0E964E5C26}.Release|Any CPU.Build.0 = Release|Any CPU
	EndGlobalSection
	GlobalSection(SolutionProperties) = preSolution
		HideSolutionNode = FALSE
	EndGlobalSection
	GlobalSection(ExtensibilityGlobals) = postSolution
		SolutionGuid = {FFB49526-68BC-4050-9B45-B88B7B5AD9CF}
	EndGlobalSection
EndGlobal
